
Microsoft Visual Studio Solution File, Format Version 12.00
# Visual Studio 15
Project("{FAE04EC0-301F-11D3-BF4B-00C04F79EFBC}") = "UnityEngine.UI", "UnityEngine.UI.csproj", "{450C2C78-76F7-D388-3BDC-11978E4666A0}"
EndProject
Project("{FAE04EC0-301F-11D3-BF4B-00C04F79EFBC}") = "Assembly-CSharp", "Assembly-CSharp.csproj", "{57507F7B-45AC-D71F-BF12-8B42E0491D34}"
EndProject
Project("{FAE04EC0-301F-11D3-BF4B-00C04F79EFBC}") = "Unity.2D.Sprite.Editor", "Unity.2D.Sprite.Editor.csproj", "{D1C7DFB4-4E2A-B26D-6B54-7870BFF25BF0}"
EndProject
Project("{FAE04EC0-301F-11D3-BF4B-00C04F79EFBC}") = "UnityEditor.UI", "UnityEditor.UI.csproj", "{77DC7973-D300-9F6C-2F12-3EB21EC59F59}"
EndProject
Project("{FAE04EC0-301F-11D3-BF4B-00C04F79EFBC}") = "Unity.2D.Tilemap.Editor", "Unity.2D.Tilemap.Editor.csproj", "{859C24CC-3D4B-805C-F10D-3B75C688EFD1}"
EndProject
Global
	GlobalSection(SolutionConfigurationPlatforms) = preSolution
		Debug|Any CPU = Debug|Any CPU
		Release|Any CPU = Release|Any CPU
	EndGlobalSection
	GlobalSection(ProjectConfigurationPlatforms) = postSolution
		{450C2C78-76F7-D388-3BDC-11978E4666A0}.Debug|Any CPU.ActiveCfg = Debug|Any CPU
		{450C2C78-76F7-D388-3BDC-11978E4666A0}.Debug|Any CPU.Build.0 = Debug|Any CPU
		{450C2C78-76F7-D388-3BDC-11978E4666A0}.Release|Any CPU.ActiveCfg = Release|Any CPU
		{450C2C78-76F7-D388-3BDC-11978E4666A0}.Release|Any CPU.Build.0 = Release|Any CPU
		{57507F7B-45AC-D71F-BF12-8B42E0491D34}.Debug|Any CPU.ActiveCfg = Debug|Any CPU
		{57507F7B-45AC-D71F-BF12-8B42E0491D34}.Debug|Any CPU.Build.0 = Debug|Any CPU
		{57507F7B-45AC-D71F-BF12-8B42E0491D34}.Release|Any CPU.ActiveCfg = Release|Any CPU
		{57507F7B-45AC-D71F-BF12-8B42E0491D34}.Release|Any CPU.Build.0 = Release|Any CPU
		{D1C7DFB4-4E2A-B26D-6B54-7870BFF25BF0}.Debug|Any CPU.ActiveCfg = Debug|Any CPU
		{D1C7DFB4-4E2A-B26D-6B54-7870BFF25BF0}.Debug|Any CPU.Build.0 = Debug|Any CPU
		{D1C7DFB4-4E2A-B26D-6B54-7870BFF25BF0}.Release|Any CPU.ActiveCfg = Release|Any CPU
		{D1C7DFB4-4E2A-B26D-6B54-7870BFF25BF0}.Release|Any CPU.Build.0 = Release|Any CPU
		{77DC7973-D300-9F6C-2F12-3EB21EC59F59}.Debug|Any CPU.ActiveCfg = Debug|Any CPU
		{77DC7973-D300-9F6C-2F12-3EB21EC59F59}.Debug|Any CPU.Build.0 = Debug|Any CPU
		{77DC7973-D300-9F6C-2F12-3EB21EC59F59}.Release|Any CPU.ActiveCfg = Release|Any CPU
		{77DC7973-D300-9F6C-2F12-3EB21EC59F59}.Release|Any CPU.Build.0 = Release|Any CPU
		{859C24CC-3D4B-805C-F10D-3B75C688EFD1}.Debug|Any CPU.ActiveCfg = Debug|Any CPU
		{859C24CC-3D4B-805C-F10D-3B75C688EFD1}.Debug|Any CPU.Build.0 = Debug|Any CPU
		{859C24CC-3D4B-805C-F10D-3B75C688EFD1}.Release|Any CPU.ActiveCfg = Release|Any CPU
		{859C24CC-3D4B-805C-F10D-3B75C688EFD1}.Release|Any CPU.Build.0 = Release|Any CPU
	EndGlobalSection
	GlobalSection(SolutionProperties) = preSolution
		HideSolutionNode = FALSE
	EndGlobalSection
EndGlobal
